
Microsoft Visual Studio Solution File, Format Version 12.00
# Visual Studio Version 17
VisualStudioVersion = 17.4.33205.214
MinimumVisualStudioVersion = 10.0.40219.1
Project("{9A19103F-16F7-4668-BE54-9A1E7A4F7556}") = "Sushi.MicroORM", "Sushi.MicroORM\Sushi.MicroORM.csproj", "{09C7B675-74E8-49F5-A226-A527083F7955}"
EndProject
Project("{9A19103F-16F7-4668-BE54-9A1E7A4F7556}") = "Sushi.MicroORM.ManualTests", "..\tests\Sushi.MicroORM.ManualTests\Sushi.MicroORM.ManualTests.csproj", "{ACB76E2D-B231-48EB-A017-A184A017AEC8}"
EndProject
Project("{9A19103F-16F7-4668-BE54-9A1E7A4F7556}") = "Sushi.MicroORM.UnitTests", "..\tests\Sushi.MicroORM.UnitTests\Sushi.MicroORM.UnitTests.csproj", "{E3586975-44EA-42D4-A42B-43588156E656}"
EndProject
Project("{2150E333-8FDC-42A3-9474-1A3956D46DE8}") = "Solution Items", "Solution Items", "{0F22C0C2-8AB3-4AF4-B4CF-D0FC680D6D24}"
	ProjectSection(SolutionItems) = preProject
		..\logo.png = ..\logo.png
		..\readme.md = ..\readme.md
	EndProjectSection
EndProject
Project("{FAE04EC0-301F-11D3-BF4B-00C04F79EFBC}") = "Sushi.MicroORM.FakeAssemblyTests", "Sushi.MicroORM.FakeAssemblyTests\Sushi.MicroORM.FakeAssemblyTests.csproj", "{C2E65CBA-21DA-4E06-9102-56B0595CB1C0}"
EndProject
Global
	GlobalSection(SolutionConfigurationPlatforms) = preSolution
		Debug|Any CPU = Debug|Any CPU
		Release|Any CPU = Release|Any CPU
	EndGlobalSection
	GlobalSection(ProjectConfigurationPlatforms) = postSolution
		{09C7B675-74E8-49F5-A226-A527083F7955}.Debug|Any CPU.ActiveCfg = Debug|Any CPU
		{09C7B675-74E8-49F5-A226-A527083F7955}.Debug|Any CPU.Build.0 = Debug|Any CPU
		{09C7B675-74E8-49F5-A226-A527083F7955}.Release|Any CPU.ActiveCfg = Release|Any CPU
		{09C7B675-74E8-49F5-A226-A527083F7955}.Release|Any CPU.Build.0 = Release|Any CPU
		{ACB76E2D-B231-48EB-A017-A184A017AEC8}.Debug|Any CPU.ActiveCfg = Debug|Any CPU
		{ACB76E2D-B231-48EB-A017-A184A017AEC8}.Debug|Any CPU.Build.0 = Debug|Any CPU
		{ACB76E2D-B231-48EB-A017-A184A017AEC8}.Release|Any CPU.ActiveCfg = Release|Any CPU
		{E3586975-44EA-42D4-A42B-43588156E656}.Debug|Any CPU.ActiveCfg = Debug|Any CPU
		{E3586975-44EA-42D4-A42B-43588156E656}.Debug|Any CPU.Build.0 = Debug|Any CPU
		{E3586975-44EA-42D4-A42B-43588156E656}.Release|Any CPU.ActiveCfg = Release|Any CPU
		{E3586975-44EA-42D4-A42B-43588156E656}.Release|Any CPU.Build.0 = Release|Any CPU
		{C2E65CBA-21DA-4E06-9102-56B0595CB1C0}.Debug|Any CPU.ActiveCfg = Debug|Any CPU
		{C2E65CBA-21DA-4E06-9102-56B0595CB1C0}.Debug|Any CPU.Build.0 = Debug|Any CPU
		{C2E65CBA-21DA-4E06-9102-56B0595CB1C0}.Release|Any CPU.ActiveCfg = Release|Any CPU
		{C2E65CBA-21DA-4E06-9102-56B0595CB1C0}.Release|Any CPU.Build.0 = Release|Any CPU
	EndGlobalSection
	GlobalSection(SolutionProperties) = preSolution
		HideSolutionNode = FALSE
	EndGlobalSection
	GlobalSection(ExtensibilityGlobals) = postSolution
		SolutionGuid = {C813523D-03C8-4B10-8338-5B65BC7FE326}
	EndGlobalSection
EndGlobal
